
Microsoft Visual Studio Solution File, Format Version 12.00
# Visual Studio Version 16
VisualStudioVersion = 16.0.31702.278
MinimumVisualStudioVersion = 10.0.40219.1
Project("{FAE04EC0-301F-11D3-BF4B-00C04F79EFBC}") = "RevitAPITraining_3_2", "RevitAPITraining_3_2\RevitAPITraining_3_2.csproj", "{CD6A33A5-8E22-4865-911C-5A25EFF28346}"
EndProject
Global
	GlobalSection(SolutionConfigurationPlatforms) = preSolution
		Debug|Any CPU = Debug|Any CPU
		Release|Any CPU = Release|Any CPU
	EndGlobalSection
	GlobalSection(ProjectConfigurationPlatforms) = postSolution
		{CD6A33A5-8E22-4865-911C-5A25EFF28346}.Debug|Any CPU.ActiveCfg = Debug|Any CPU
		{CD6A33A5-8E22-4865-911C-5A25EFF28346}.Debug|Any CPU.Build.0 = Debug|Any CPU
		{CD6A33A5-8E22-4865-911C-5A25EFF28346}.Release|Any CPU.ActiveCfg = Release|Any CPU
		{CD6A33A5-8E22-4865-911C-5A25EFF28346}.Release|Any CPU.Build.0 = Release|Any CPU
	EndGlobalSection
	GlobalSection(SolutionProperties) = preSolution
		HideSolutionNode = FALSE
	EndGlobalSection
	GlobalSection(ExtensibilityGlobals) = postSolution
		SolutionGuid = {CEB06351-9DEC-4F22-B84E-D1B1BA338CCB}
	EndGlobalSection
EndGlobal
